
Microsoft Visual Studio Solution File, Format Version 12.00
# Visual Studio Version 17
VisualStudioVersion = 17.1.32414.318
MinimumVisualStudioVersion = 10.0.40219.1
Project("{FAE04EC0-301F-11D3-BF4B-00C04F79EFBC}") = "Transacoes blockchain", "Transacoes blockchain.csproj", "{9C50BE40-3D52-40D1-BABA-86DCC0C4A4C7}"
EndProject
Global
	GlobalSection(SolutionConfigurationPlatforms) = preSolution
		Debug|Any CPU = Debug|Any CPU
		Release|Any CPU = Release|Any CPU
	EndGlobalSection
	GlobalSection(ProjectConfigurationPlatforms) = postSolution
		{9C50BE40-3D52-40D1-BABA-86DCC0C4A4C7}.Debug|Any CPU.ActiveCfg = Debug|Any CPU
		{9C50BE40-3D52-40D1-BABA-86DCC0C4A4C7}.Debug|Any CPU.Build.0 = Debug|Any CPU
		{9C50BE40-3D52-40D1-BABA-86DCC0C4A4C7}.Release|Any CPU.ActiveCfg = Release|Any CPU
		{9C50BE40-3D52-40D1-BABA-86DCC0C4A4C7}.Release|Any CPU.Build.0 = Release|Any CPU
	EndGlobalSection
	GlobalSection(SolutionProperties) = preSolution
		HideSolutionNode = FALSE
	EndGlobalSection
	GlobalSection(ExtensibilityGlobals) = postSolution
		SolutionGuid = {7FDB0441-5D19-478D-9369-E36515925698}
	EndGlobalSection
EndGlobal
